
Microsoft Visual Studio Solution File, Format Version 12.00
# Visual Studio Version 17
VisualStudioVersion = 17.0.31903.59
MinimumVisualStudioVersion = 10.0.40219.1
Project("{2150E333-8FDC-42A3-9474-1A3956D46DE8}") = "Hosting", "Hosting", "{2408E169-CEBE-4358-AA81-AC214F8DB7EA}"
	ProjectSection(SolutionItems) = preProject
		src\Directory.Build.props = src\Directory.Build.props
		src\Directory.Build.targets = src\Directory.Build.targets
		src\Directory.Packages.props = src\Directory.Packages.props
	EndProjectSection
EndProject
Project("{9A19103F-16F7-4668-BE54-9A1E7A4F7556}") = "Aspire.Hosting.MinIO", "src\Aspire.Hosting.MinIO\Aspire.Hosting.MinIO.csproj", "{479EE675-AECC-4F48-9635-F58311BD8478}"
EndProject
Project("{9A19103F-16F7-4668-BE54-9A1E7A4F7556}") = "Aspire.Hosting.LocalStack", "src\Aspire.Hosting.LocalStack\Aspire.Hosting.LocalStack.csproj", "{970F7A88-261F-4EBF-A790-142DC4986778}"
EndProject
Project("{9A19103F-16F7-4668-BE54-9A1E7A4F7556}") = "Aspire.Hosting.Grpc", "src\Aspire.Hosting.Grpc\Aspire.Hosting.Grpc.csproj", "{F9B1967E-4253-4866-8D86-84551A64FF3E}"
EndProject
Project("{9A19103F-16F7-4668-BE54-9A1E7A4F7556}") = "Aspire.Hosting.MapServer", "src\Aspire.Hosting.MapServer\Aspire.Hosting.MapServer.csproj", "{EF096489-4CA5-4004-B22C-9A1E13D51D4A}"
EndProject
Project("{9A19103F-16F7-4668-BE54-9A1E7A4F7556}") = "Aspire.Hosting.PostGIS", "src\Aspire.Hosting.PostGIS\Aspire.Hosting.PostGIS.csproj", "{C6D698EA-7837-481B-8B39-B3F6D3EEF264}"
EndProject
Project("{2150E333-8FDC-42A3-9474-1A3956D46DE8}") = "tests", "tests", "{746AA882-9F70-4AC8-9558-EA0253DEAFB7}"
	ProjectSection(SolutionItems) = preProject
		tests\Directory.Build.props = tests\Directory.Build.props
		tests\Directory.Build.targets = tests\Directory.Build.targets
		tests\Directory.Packages.props = tests\Directory.Packages.props
	EndProjectSection
EndProject
Project("{2150E333-8FDC-42A3-9474-1A3956D46DE8}") = "Hosting", "Hosting", "{BE2E870B-7C6D-4895-AC9C-4A9CF181B77D}"
EndProject
Project("{9A19103F-16F7-4668-BE54-9A1E7A4F7556}") = "Aspire.Hosting.MinIO.Tests", "tests\Aspire.Hosting.MinIO.Tests\Aspire.Hosting.MinIO.Tests.csproj", "{96D0CADA-6594-49E3-9B1F-95F72E7622CF}"
EndProject
Project("{9A19103F-16F7-4668-BE54-9A1E7A4F7556}") = "Aspire.Hosting.LocalStack.Tests", "tests\Aspire.Hosting.LocalStack.Tests\Aspire.Hosting.LocalStack.Tests.csproj", "{F7C9B0A4-38E8-4ABC-89C0-F184215BEA69}"
EndProject
Project("{9A19103F-16F7-4668-BE54-9A1E7A4F7556}") = "Aspire.Hosting.PostGIS.Tests", "tests\Aspire.Hosting.PostGIS.Tests\Aspire.Hosting.PostGIS.Tests.csproj", "{27762731-D65E-489E-8993-7016733A9C9F}"
EndProject
Project("{2150E333-8FDC-42A3-9474-1A3956D46DE8}") = "playground", "playground", "{E4B5FD81-9B2D-4942-806B-2F60B8997266}"
	ProjectSection(SolutionItems) = preProject
		playground\.editorconfig = playground\.editorconfig
		playground\Directory.Build.props = playground\Directory.Build.props
		playground\Directory.Build.targets = playground\Directory.Build.targets
		playground\Directory.Packages.props = playground\Directory.Packages.props
	EndProjectSection
EndProject
Project("{2150E333-8FDC-42A3-9474-1A3956D46DE8}") = "postgis", "postgis", "{C67CB863-FB3C-44C4-A71B-C824CB9318FE}"
EndProject
Project("{9A19103F-16F7-4668-BE54-9A1E7A4F7556}") = "PostGis.AppHost", "playground\postgis\PostGis.AppHost\PostGis.AppHost.csproj", "{48976FB1-ABA1-40E7-853D-859075E04232}"
EndProject
Project("{9A19103F-16F7-4668-BE54-9A1E7A4F7556}") = "PostGis.ApiService", "playground\postgis\PostGis.ApiService\PostGis.ApiService.csproj", "{E98760E8-8AFA-47A8-8637-9DB9DA74C2A0}"
EndProject
Project("{9A19103F-16F7-4668-BE54-9A1E7A4F7556}") = "Playground.ServiceDefaults", "playground\Playground.ServiceDefaults\Playground.ServiceDefaults.csproj", "{C7FE4CA9-F032-428A-BEB3-1BBB4A94E8A4}"
EndProject
Project("{2150E333-8FDC-42A3-9474-1A3956D46DE8}") = "minio", "minio", "{012BFB3D-09A4-428C-8F43-78B506D76B82}"
EndProject
Project("{9A19103F-16F7-4668-BE54-9A1E7A4F7556}") = "MinIO.AppHost", "playground\minio\MinIO.AppHost\MinIO.AppHost.csproj", "{13E26589-75DA-4E75-90F3-1EEB0B54B453}"
EndProject
Project("{9A19103F-16F7-4668-BE54-9A1E7A4F7556}") = "MinIO.ApiService", "playground\minio\MinIO.ApiService\MinIO.ApiService.csproj", "{A82C506D-D5F2-435B-8572-A8B6420CD61C}"
EndProject
Project("{2150E333-8FDC-42A3-9474-1A3956D46DE8}") = "localstack", "localstack", "{B0754D8F-7DED-4DDA-8536-DD88061A1530}"
EndProject
Project("{9A19103F-16F7-4668-BE54-9A1E7A4F7556}") = "LocalStack.AppHost", "playground\localstack\LocalStack.AppHost\LocalStack.AppHost.csproj", "{60B607E2-1621-440E-9E71-1F0980BF0E36}"
EndProject
Project("{9A19103F-16F7-4668-BE54-9A1E7A4F7556}") = "LocalStack.ApiService", "playground\localstack\LocalStack.ApiService\LocalStack.ApiService.csproj", "{A364D8CB-0AE3-4CB8-B6F9-887647623FA6}"
EndProject
Project("{2150E333-8FDC-42A3-9474-1A3956D46DE8}") = "grpc", "grpc", "{E760AE97-EDCB-463C-8751-ADDAB983FFAB}"
EndProject
Project("{9A19103F-16F7-4668-BE54-9A1E7A4F7556}") = "Grpc.AppHost", "playground\grpc\Grpc.AppHost\Grpc.AppHost.csproj", "{C998B4C6-2781-4ED9-8C95-471F65556912}"
EndProject
Project("{9A19103F-16F7-4668-BE54-9A1E7A4F7556}") = "Grpc.ApiService", "playground\grpc\Grpc.ApiService\Grpc.ApiService.csproj", "{6AD8F829-407A-425D-80FF-3F37B6EEA9D2}"
EndProject
Project("{2150E333-8FDC-42A3-9474-1A3956D46DE8}") = "Solution Items", "Solution Items", "{B46D3DB6-DD79-4D40-A0A3-2242855CF66B}"
	ProjectSection(SolutionItems) = preProject
		.editorconfig = .editorconfig
		Directory.Build.props = Directory.Build.props
		Directory.Build.targets = Directory.Build.targets
		Directory.Packages.props = Directory.Packages.props
		LICENSE.md = LICENSE.md
		nuget.config = nuget.config
		README.md = README.md
		Versions.props = Versions.props
	EndProjectSection
EndProject
Project("{2150E333-8FDC-42A3-9474-1A3956D46DE8}") = ".github", ".github", "{D38D9D8B-D697-41F0-B726-7004D7EFE0CB}"
EndProject
Project("{2150E333-8FDC-42A3-9474-1A3956D46DE8}") = "workflows", "workflows", "{B952C763-AAE1-469E-80B8-8FF1C4DC513A}"
	ProjectSection(SolutionItems) = preProject
		.github\workflows\build.yml = .github\workflows\build.yml
	EndProjectSection
EndProject
Project("{FAE04EC0-301F-11D3-BF4B-00C04F79EFBC}") = "Aspire.Hosting.AWS.Configuration", "src\Aspire.Hosting.AWS.Configuration\Aspire.Hosting.AWS.Configuration.csproj", "{A1BB85F6-FA3E-4788-A74C-7264A2E64DA2}"
EndProject
Project("{FAE04EC0-301F-11D3-BF4B-00C04F79EFBC}") = "Aspire.Hosting.AWS.S3", "src\Aspire.Hosting.AWS.S3\Aspire.Hosting.AWS.S3.csproj", "{8168CCB2-4E02-0F4D-64C2-A814B03FFEE4}"
EndProject
Project("{FAE04EC0-301F-11D3-BF4B-00C04F79EFBC}") = "Grpc.WellKnown", "playground\grpc\Grpc.WellKnown\Grpc.WellKnown.csproj", "{EDDCEFA3-1CF9-4FF9-81A5-D8324832834F}"
EndProject
Project("{FAE04EC0-301F-11D3-BF4B-00C04F79EFBC}") = "Aspire.Hosting.PostgreSQL", "src\Aspire.Hosting.PostgreSQL\Aspire.Hosting.PostgreSQL.csproj", "{B8D359AB-5166-47A3-BAD1-231690BCF741}"
EndProject
Project("{2150E333-8FDC-42A3-9474-1A3956D46DE8}") = "postgres", "postgres", "{47B8E01C-645C-42D1-A21B-C218057BF07B}"
EndProject
Project("{FAE04EC0-301F-11D3-BF4B-00C04F79EFBC}") = "Postgres.AppHost", "playground\postgres\Postgres.AppHost\Postgres.AppHost.csproj", "{C222376D-249B-4DCF-A3B7-A515A7D8C974}"
EndProject
Project("{FAE04EC0-301F-11D3-BF4B-00C04F79EFBC}") = "Postgres.ApiService", "playground\postgres\Postgres.ApiService\Postgres.ApiService.csproj", "{0E6A95E8-3CFF-43E1-BC98-FA0B812D52E2}"
EndProject
Project("{FAE04EC0-301F-11D3-BF4B-00C04F79EFBC}") = "Aspire.Hosting.ZScaler", "src\Aspire.Hosting.ZScaler\Aspire.Hosting.ZScaler.csproj", "{24D2D6F5-328A-15CB-7782-B3BC49B1634A}"
EndProject
Global
	GlobalSection(SolutionConfigurationPlatforms) = preSolution
		Debug|Any CPU = Debug|Any CPU
		Release|Any CPU = Release|Any CPU
	EndGlobalSection
	GlobalSection(ProjectConfigurationPlatforms) = postSolution
		{479EE675-AECC-4F48-9635-F58311BD8478}.Debug|Any CPU.ActiveCfg = Debug|Any CPU
		{479EE675-AECC-4F48-9635-F58311BD8478}.Debug|Any CPU.Build.0 = Debug|Any CPU
		{479EE675-AECC-4F48-9635-F58311BD8478}.Release|Any CPU.ActiveCfg = Release|Any CPU
		{479EE675-AECC-4F48-9635-F58311BD8478}.Release|Any CPU.Build.0 = Release|Any CPU
		{970F7A88-261F-4EBF-A790-142DC4986778}.Debug|Any CPU.ActiveCfg = Debug|Any CPU
		{970F7A88-261F-4EBF-A790-142DC4986778}.Debug|Any CPU.Build.0 = Debug|Any CPU
		{970F7A88-261F-4EBF-A790-142DC4986778}.Release|Any CPU.ActiveCfg = Release|Any CPU
		{970F7A88-261F-4EBF-A790-142DC4986778}.Release|Any CPU.Build.0 = Release|Any CPU
		{F9B1967E-4253-4866-8D86-84551A64FF3E}.Debug|Any CPU.ActiveCfg = Debug|Any CPU
		{F9B1967E-4253-4866-8D86-84551A64FF3E}.Debug|Any CPU.Build.0 = Debug|Any CPU
		{F9B1967E-4253-4866-8D86-84551A64FF3E}.Release|Any CPU.ActiveCfg = Release|Any CPU
		{F9B1967E-4253-4866-8D86-84551A64FF3E}.Release|Any CPU.Build.0 = Release|Any CPU
		{EF096489-4CA5-4004-B22C-9A1E13D51D4A}.Debug|Any CPU.ActiveCfg = Debug|Any CPU
		{EF096489-4CA5-4004-B22C-9A1E13D51D4A}.Debug|Any CPU.Build.0 = Debug|Any CPU
		{EF096489-4CA5-4004-B22C-9A1E13D51D4A}.Release|Any CPU.ActiveCfg = Release|Any CPU
		{EF096489-4CA5-4004-B22C-9A1E13D51D4A}.Release|Any CPU.Build.0 = Release|Any CPU
		{C6D698EA-7837-481B-8B39-B3F6D3EEF264}.Debug|Any CPU.ActiveCfg = Debug|Any CPU
		{C6D698EA-7837-481B-8B39-B3F6D3EEF264}.Debug|Any CPU.Build.0 = Debug|Any CPU
		{C6D698EA-7837-481B-8B39-B3F6D3EEF264}.Release|Any CPU.ActiveCfg = Release|Any CPU
		{C6D698EA-7837-481B-8B39-B3F6D3EEF264}.Release|Any CPU.Build.0 = Release|Any CPU
		{96D0CADA-6594-49E3-9B1F-95F72E7622CF}.Debug|Any CPU.ActiveCfg = Debug|Any CPU
		{96D0CADA-6594-49E3-9B1F-95F72E7622CF}.Debug|Any CPU.Build.0 = Debug|Any CPU
		{96D0CADA-6594-49E3-9B1F-95F72E7622CF}.Release|Any CPU.ActiveCfg = Release|Any CPU
		{F7C9B0A4-38E8-4ABC-89C0-F184215BEA69}.Debug|Any CPU.ActiveCfg = Debug|Any CPU
		{F7C9B0A4-38E8-4ABC-89C0-F184215BEA69}.Debug|Any CPU.Build.0 = Debug|Any CPU
		{F7C9B0A4-38E8-4ABC-89C0-F184215BEA69}.Release|Any CPU.ActiveCfg = Release|Any CPU
		{27762731-D65E-489E-8993-7016733A9C9F}.Debug|Any CPU.ActiveCfg = Debug|Any CPU
		{27762731-D65E-489E-8993-7016733A9C9F}.Debug|Any CPU.Build.0 = Debug|Any CPU
		{27762731-D65E-489E-8993-7016733A9C9F}.Release|Any CPU.ActiveCfg = Release|Any CPU
		{48976FB1-ABA1-40E7-853D-859075E04232}.Debug|Any CPU.ActiveCfg = Debug|Any CPU
		{48976FB1-ABA1-40E7-853D-859075E04232}.Debug|Any CPU.Build.0 = Debug|Any CPU
		{48976FB1-ABA1-40E7-853D-859075E04232}.Release|Any CPU.ActiveCfg = Release|Any CPU
		{48976FB1-ABA1-40E7-853D-859075E04232}.Release|Any CPU.Build.0 = Release|Any CPU
		{E98760E8-8AFA-47A8-8637-9DB9DA74C2A0}.Debug|Any CPU.ActiveCfg = Debug|Any CPU
		{E98760E8-8AFA-47A8-8637-9DB9DA74C2A0}.Debug|Any CPU.Build.0 = Debug|Any CPU
		{E98760E8-8AFA-47A8-8637-9DB9DA74C2A0}.Release|Any CPU.ActiveCfg = Release|Any CPU
		{E98760E8-8AFA-47A8-8637-9DB9DA74C2A0}.Release|Any CPU.Build.0 = Release|Any CPU
		{C7FE4CA9-F032-428A-BEB3-1BBB4A94E8A4}.Debug|Any CPU.ActiveCfg = Debug|Any CPU
		{C7FE4CA9-F032-428A-BEB3-1BBB4A94E8A4}.Debug|Any CPU.Build.0 = Debug|Any CPU
		{C7FE4CA9-F032-428A-BEB3-1BBB4A94E8A4}.Release|Any CPU.ActiveCfg = Release|Any CPU
		{C7FE4CA9-F032-428A-BEB3-1BBB4A94E8A4}.Release|Any CPU.Build.0 = Release|Any CPU
		{13E26589-75DA-4E75-90F3-1EEB0B54B453}.Debug|Any CPU.ActiveCfg = Debug|Any CPU
		{13E26589-75DA-4E75-90F3-1EEB0B54B453}.Debug|Any CPU.Build.0 = Debug|Any CPU
		{13E26589-75DA-4E75-90F3-1EEB0B54B453}.Release|Any CPU.ActiveCfg = Release|Any CPU
		{13E26589-75DA-4E75-90F3-1EEB0B54B453}.Release|Any CPU.Build.0 = Release|Any CPU
		{A82C506D-D5F2-435B-8572-A8B6420CD61C}.Debug|Any CPU.ActiveCfg = Debug|Any CPU
		{A82C506D-D5F2-435B-8572-A8B6420CD61C}.Debug|Any CPU.Build.0 = Debug|Any CPU
		{A82C506D-D5F2-435B-8572-A8B6420CD61C}.Release|Any CPU.ActiveCfg = Release|Any CPU
		{A82C506D-D5F2-435B-8572-A8B6420CD61C}.Release|Any CPU.Build.0 = Release|Any CPU
		{60B607E2-1621-440E-9E71-1F0980BF0E36}.Debug|Any CPU.ActiveCfg = Debug|Any CPU
		{60B607E2-1621-440E-9E71-1F0980BF0E36}.Debug|Any CPU.Build.0 = Debug|Any CPU
		{60B607E2-1621-440E-9E71-1F0980BF0E36}.Release|Any CPU.ActiveCfg = Release|Any CPU
		{60B607E2-1621-440E-9E71-1F0980BF0E36}.Release|Any CPU.Build.0 = Release|Any CPU
		{A364D8CB-0AE3-4CB8-B6F9-887647623FA6}.Debug|Any CPU.ActiveCfg = Debug|Any CPU
		{A364D8CB-0AE3-4CB8-B6F9-887647623FA6}.Debug|Any CPU.Build.0 = Debug|Any CPU
		{A364D8CB-0AE3-4CB8-B6F9-887647623FA6}.Release|Any CPU.ActiveCfg = Release|Any CPU
		{A364D8CB-0AE3-4CB8-B6F9-887647623FA6}.Release|Any CPU.Build.0 = Release|Any CPU
		{C998B4C6-2781-4ED9-8C95-471F65556912}.Debug|Any CPU.ActiveCfg = Debug|Any CPU
		{C998B4C6-2781-4ED9-8C95-471F65556912}.Debug|Any CPU.Build.0 = Debug|Any CPU
		{C998B4C6-2781-4ED9-8C95-471F65556912}.Release|Any CPU.ActiveCfg = Release|Any CPU
		{C998B4C6-2781-4ED9-8C95-471F65556912}.Release|Any CPU.Build.0 = Release|Any CPU
		{6AD8F829-407A-425D-80FF-3F37B6EEA9D2}.Debug|Any CPU.ActiveCfg = Debug|Any CPU
		{6AD8F829-407A-425D-80FF-3F37B6EEA9D2}.Debug|Any CPU.Build.0 = Debug|Any CPU
		{6AD8F829-407A-425D-80FF-3F37B6EEA9D2}.Release|Any CPU.ActiveCfg = Release|Any CPU
		{6AD8F829-407A-425D-80FF-3F37B6EEA9D2}.Release|Any CPU.Build.0 = Release|Any CPU
		{A1BB85F6-FA3E-4788-A74C-7264A2E64DA2}.Debug|Any CPU.ActiveCfg = Debug|Any CPU
		{A1BB85F6-FA3E-4788-A74C-7264A2E64DA2}.Debug|Any CPU.Build.0 = Debug|Any CPU
		{A1BB85F6-FA3E-4788-A74C-7264A2E64DA2}.Release|Any CPU.ActiveCfg = Release|Any CPU
		{A1BB85F6-FA3E-4788-A74C-7264A2E64DA2}.Release|Any CPU.Build.0 = Release|Any CPU
		{8168CCB2-4E02-0F4D-64C2-A814B03FFEE4}.Debug|Any CPU.ActiveCfg = Debug|Any CPU
		{8168CCB2-4E02-0F4D-64C2-A814B03FFEE4}.Debug|Any CPU.Build.0 = Debug|Any CPU
		{8168CCB2-4E02-0F4D-64C2-A814B03FFEE4}.Release|Any CPU.ActiveCfg = Release|Any CPU
		{8168CCB2-4E02-0F4D-64C2-A814B03FFEE4}.Release|Any CPU.Build.0 = Release|Any CPU
		{EDDCEFA3-1CF9-4FF9-81A5-D8324832834F}.Debug|Any CPU.ActiveCfg = Debug|Any CPU
		{EDDCEFA3-1CF9-4FF9-81A5-D8324832834F}.Debug|Any CPU.Build.0 = Debug|Any CPU
		{EDDCEFA3-1CF9-4FF9-81A5-D8324832834F}.Release|Any CPU.ActiveCfg = Release|Any CPU
		{EDDCEFA3-1CF9-4FF9-81A5-D8324832834F}.Release|Any CPU.Build.0 = Release|Any CPU
		{B8D359AB-5166-47A3-BAD1-231690BCF741}.Debug|Any CPU.ActiveCfg = Debug|Any CPU
		{B8D359AB-5166-47A3-BAD1-231690BCF741}.Debug|Any CPU.Build.0 = Debug|Any CPU
		{B8D359AB-5166-47A3-BAD1-231690BCF741}.Release|Any CPU.ActiveCfg = Release|Any CPU
		{B8D359AB-5166-47A3-BAD1-231690BCF741}.Release|Any CPU.Build.0 = Release|Any CPU
		{C222376D-249B-4DCF-A3B7-A515A7D8C974}.Debug|Any CPU.ActiveCfg = Debug|Any CPU
		{C222376D-249B-4DCF-A3B7-A515A7D8C974}.Debug|Any CPU.Build.0 = Debug|Any CPU
		{C222376D-249B-4DCF-A3B7-A515A7D8C974}.Release|Any CPU.ActiveCfg = Release|Any CPU
		{C222376D-249B-4DCF-A3B7-A515A7D8C974}.Release|Any CPU.Build.0 = Release|Any CPU
		{0E6A95E8-3CFF-43E1-BC98-FA0B812D52E2}.Debug|Any CPU.ActiveCfg = Debug|Any CPU
		{0E6A95E8-3CFF-43E1-BC98-FA0B812D52E2}.Debug|Any CPU.Build.0 = Debug|Any CPU
		{0E6A95E8-3CFF-43E1-BC98-FA0B812D52E2}.Release|Any CPU.ActiveCfg = Release|Any CPU
		{0E6A95E8-3CFF-43E1-BC98-FA0B812D52E2}.Release|Any CPU.Build.0 = Release|Any CPU
		{24D2D6F5-328A-15CB-7782-B3BC49B1634A}.Debug|Any CPU.ActiveCfg = Debug|Any CPU
		{24D2D6F5-328A-15CB-7782-B3BC49B1634A}.Debug|Any CPU.Build.0 = Debug|Any CPU
		{24D2D6F5-328A-15CB-7782-B3BC49B1634A}.Release|Any CPU.ActiveCfg = Release|Any CPU
		{24D2D6F5-328A-15CB-7782-B3BC49B1634A}.Release|Any CPU.Build.0 = Release|Any CPU
	EndGlobalSection
	GlobalSection(SolutionProperties) = preSolution
		HideSolutionNode = FALSE
	EndGlobalSection
	GlobalSection(NestedProjects) = preSolution
		{479EE675-AECC-4F48-9635-F58311BD8478} = {2408E169-CEBE-4358-AA81-AC214F8DB7EA}
		{970F7A88-261F-4EBF-A790-142DC4986778} = {2408E169-CEBE-4358-AA81-AC214F8DB7EA}
		{F9B1967E-4253-4866-8D86-84551A64FF3E} = {2408E169-CEBE-4358-AA81-AC214F8DB7EA}
		{EF096489-4CA5-4004-B22C-9A1E13D51D4A} = {2408E169-CEBE-4358-AA81-AC214F8DB7EA}
		{C6D698EA-7837-481B-8B39-B3F6D3EEF264} = {2408E169-CEBE-4358-AA81-AC214F8DB7EA}
		{BE2E870B-7C6D-4895-AC9C-4A9CF181B77D} = {746AA882-9F70-4AC8-9558-EA0253DEAFB7}
		{96D0CADA-6594-49E3-9B1F-95F72E7622CF} = {BE2E870B-7C6D-4895-AC9C-4A9CF181B77D}
		{F7C9B0A4-38E8-4ABC-89C0-F184215BEA69} = {BE2E870B-7C6D-4895-AC9C-4A9CF181B77D}
		{27762731-D65E-489E-8993-7016733A9C9F} = {BE2E870B-7C6D-4895-AC9C-4A9CF181B77D}
		{C67CB863-FB3C-44C4-A71B-C824CB9318FE} = {E4B5FD81-9B2D-4942-806B-2F60B8997266}
		{48976FB1-ABA1-40E7-853D-859075E04232} = {C67CB863-FB3C-44C4-A71B-C824CB9318FE}
		{E98760E8-8AFA-47A8-8637-9DB9DA74C2A0} = {C67CB863-FB3C-44C4-A71B-C824CB9318FE}
		{C7FE4CA9-F032-428A-BEB3-1BBB4A94E8A4} = {E4B5FD81-9B2D-4942-806B-2F60B8997266}
		{012BFB3D-09A4-428C-8F43-78B506D76B82} = {E4B5FD81-9B2D-4942-806B-2F60B8997266}
		{13E26589-75DA-4E75-90F3-1EEB0B54B453} = {012BFB3D-09A4-428C-8F43-78B506D76B82}
		{A82C506D-D5F2-435B-8572-A8B6420CD61C} = {012BFB3D-09A4-428C-8F43-78B506D76B82}
		{B0754D8F-7DED-4DDA-8536-DD88061A1530} = {E4B5FD81-9B2D-4942-806B-2F60B8997266}
		{60B607E2-1621-440E-9E71-1F0980BF0E36} = {B0754D8F-7DED-4DDA-8536-DD88061A1530}
		{A364D8CB-0AE3-4CB8-B6F9-887647623FA6} = {B0754D8F-7DED-4DDA-8536-DD88061A1530}
		{E760AE97-EDCB-463C-8751-ADDAB983FFAB} = {E4B5FD81-9B2D-4942-806B-2F60B8997266}
		{C998B4C6-2781-4ED9-8C95-471F65556912} = {E760AE97-EDCB-463C-8751-ADDAB983FFAB}
		{6AD8F829-407A-425D-80FF-3F37B6EEA9D2} = {E760AE97-EDCB-463C-8751-ADDAB983FFAB}
		{B952C763-AAE1-469E-80B8-8FF1C4DC513A} = {D38D9D8B-D697-41F0-B726-7004D7EFE0CB}
		{A1BB85F6-FA3E-4788-A74C-7264A2E64DA2} = {2408E169-CEBE-4358-AA81-AC214F8DB7EA}
		{8168CCB2-4E02-0F4D-64C2-A814B03FFEE4} = {2408E169-CEBE-4358-AA81-AC214F8DB7EA}
		{EDDCEFA3-1CF9-4FF9-81A5-D8324832834F} = {E760AE97-EDCB-463C-8751-ADDAB983FFAB}
		{B8D359AB-5166-47A3-BAD1-231690BCF741} = {2408E169-CEBE-4358-AA81-AC214F8DB7EA}
		{47B8E01C-645C-42D1-A21B-C218057BF07B} = {E4B5FD81-9B2D-4942-806B-2F60B8997266}
		{C222376D-249B-4DCF-A3B7-A515A7D8C974} = {47B8E01C-645C-42D1-A21B-C218057BF07B}
		{0E6A95E8-3CFF-43E1-BC98-FA0B812D52E2} = {47B8E01C-645C-42D1-A21B-C218057BF07B}
		{24D2D6F5-328A-15CB-7782-B3BC49B1634A} = {2408E169-CEBE-4358-AA81-AC214F8DB7EA}
	EndGlobalSection
	GlobalSection(ExtensibilityGlobals) = postSolution
		SolutionGuid = {6C899F23-0968-4F50-A1A7-F6F0EC84BF13}
	EndGlobalSection
EndGlobal
